
Microsoft Visual Studio Solution File, Format Version 12.00
# Visual Studio Version 17
VisualStudioVersion = 17.5.33530.505
MinimumVisualStudioVersion = 10.0.40219.1
Project("{9A19103F-16F7-4668-BE54-9A1E7A4F7556}") = "courseBeonMax", "courseBeonMax2.6\courseBeonMax.csproj", "{FEEB8A22-0792-4BFD-9A8B-35D37F58BEAB}"
EndProject
Project("{9A19103F-16F7-4668-BE54-9A1E7A4F7556}") = "F_Delegation", "F_Delegation\F_Delegation.csproj", "{3AC8ED1F-4465-4499-A858-0E56A8E0BC51}"
EndProject
Project("{9A19103F-16F7-4668-BE54-9A1E7A4F7556}") = "Linq", "Linq\Linq.csproj", "{5EB5BCEB-C2D7-4F6C-94F1-554586F84719}"
EndProject
Project("{9A19103F-16F7-4668-BE54-9A1E7A4F7556}") = "CsvParser", "CsvParser\CsvParser.csproj", "{CD5263B8-6961-4169-A726-B8C9320D4AD3}"
EndProject
Project("{FAE04EC0-301F-11D3-BF4B-00C04F79EFBC}") = "RemoveInForeach", "RemoveInForeach\RemoveInForeach.csproj", "{D3A8F17B-1661-4FAD-AADC-63932DFF71B4}"
EndProject
Global
	GlobalSection(SolutionConfigurationPlatforms) = preSolution
		Debug|Any CPU = Debug|Any CPU
		Release|Any CPU = Release|Any CPU
	EndGlobalSection
	GlobalSection(ProjectConfigurationPlatforms) = postSolution
		{FEEB8A22-0792-4BFD-9A8B-35D37F58BEAB}.Debug|Any CPU.ActiveCfg = Debug|Any CPU
		{FEEB8A22-0792-4BFD-9A8B-35D37F58BEAB}.Debug|Any CPU.Build.0 = Debug|Any CPU
		{FEEB8A22-0792-4BFD-9A8B-35D37F58BEAB}.Release|Any CPU.ActiveCfg = Release|Any CPU
		{FEEB8A22-0792-4BFD-9A8B-35D37F58BEAB}.Release|Any CPU.Build.0 = Release|Any CPU
		{3AC8ED1F-4465-4499-A858-0E56A8E0BC51}.Debug|Any CPU.ActiveCfg = Debug|Any CPU
		{3AC8ED1F-4465-4499-A858-0E56A8E0BC51}.Debug|Any CPU.Build.0 = Debug|Any CPU
		{3AC8ED1F-4465-4499-A858-0E56A8E0BC51}.Release|Any CPU.ActiveCfg = Release|Any CPU
		{3AC8ED1F-4465-4499-A858-0E56A8E0BC51}.Release|Any CPU.Build.0 = Release|Any CPU
		{5EB5BCEB-C2D7-4F6C-94F1-554586F84719}.Debug|Any CPU.ActiveCfg = Debug|Any CPU
		{5EB5BCEB-C2D7-4F6C-94F1-554586F84719}.Debug|Any CPU.Build.0 = Debug|Any CPU
		{5EB5BCEB-C2D7-4F6C-94F1-554586F84719}.Release|Any CPU.ActiveCfg = Release|Any CPU
		{5EB5BCEB-C2D7-4F6C-94F1-554586F84719}.Release|Any CPU.Build.0 = Release|Any CPU
		{CD5263B8-6961-4169-A726-B8C9320D4AD3}.Debug|Any CPU.ActiveCfg = Debug|Any CPU
		{CD5263B8-6961-4169-A726-B8C9320D4AD3}.Debug|Any CPU.Build.0 = Debug|Any CPU
		{CD5263B8-6961-4169-A726-B8C9320D4AD3}.Release|Any CPU.ActiveCfg = Release|Any CPU
		{CD5263B8-6961-4169-A726-B8C9320D4AD3}.Release|Any CPU.Build.0 = Release|Any CPU
		{D3A8F17B-1661-4FAD-AADC-63932DFF71B4}.Debug|Any CPU.ActiveCfg = Debug|Any CPU
		{D3A8F17B-1661-4FAD-AADC-63932DFF71B4}.Debug|Any CPU.Build.0 = Debug|Any CPU
		{D3A8F17B-1661-4FAD-AADC-63932DFF71B4}.Release|Any CPU.ActiveCfg = Release|Any CPU
		{D3A8F17B-1661-4FAD-AADC-63932DFF71B4}.Release|Any CPU.Build.0 = Release|Any CPU
	EndGlobalSection
	GlobalSection(SolutionProperties) = preSolution
		HideSolutionNode = FALSE
	EndGlobalSection
	GlobalSection(ExtensibilityGlobals) = postSolution
		SolutionGuid = {59628BB8-7A7C-46E9-8A78-AB5480FAB692}
	EndGlobalSection
EndGlobal
